
Microsoft Visual Studio Solution File, Format Version 12.00
# Visual Studio Version 16
VisualStudioVersion = 16.0.31313.79
MinimumVisualStudioVersion = 10.0.40219.1
Project("{FAE04EC0-301F-11D3-BF4B-00C04F79EFBC}") = "LibraryManagement", "LibraryManagement\LibraryManagement.csproj", "{BAD0FD00-EDDE-41BD-B03F-70CE29B9171A}"
EndProject
Global
	GlobalSection(SolutionConfigurationPlatforms) = preSolution
		Debug|Any CPU = Debug|Any CPU
		Release|Any CPU = Release|Any CPU
	EndGlobalSection
	GlobalSection(ProjectConfigurationPlatforms) = postSolution
		{BAD0FD00-EDDE-41BD-B03F-70CE29B9171A}.Debug|Any CPU.ActiveCfg = Debug|Any CPU
		{BAD0FD00-EDDE-41BD-B03F-70CE29B9171A}.Debug|Any CPU.Build.0 = Debug|Any CPU
		{BAD0FD00-EDDE-41BD-B03F-70CE29B9171A}.Release|Any CPU.ActiveCfg = Release|Any CPU
		{BAD0FD00-EDDE-41BD-B03F-70CE29B9171A}.Release|Any CPU.Build.0 = Release|Any CPU
	EndGlobalSection
	GlobalSection(SolutionProperties) = preSolution
		HideSolutionNode = FALSE
	EndGlobalSection
	GlobalSection(ExtensibilityGlobals) = postSolution
		SolutionGuid = {4C4D5BB4-F497-4F0D-8121-9CAEB90D20A1}
	EndGlobalSection
EndGlobal
